// !$*UTF8*$!
{
	archiveVersion = 1;
	classes = {
	};
	objectVersion = 55;
	objects = {

/* Begin PBXBuildFile section */
		1446753C272155EC00F5E5FF /* AppDelegate.swift in Sources */ = {isa = PBXBuildFile; fileRef = 1446753B272155EC00F5E5FF /* AppDelegate.swift */; };
		1446753E272155EC00F5E5FF /* SceneDelegate.swift in Sources */ = {isa = PBXBuildFile; fileRef = 1446753D272155EC00F5E5FF /* SceneDelegate.swift */; };
		14467540272155EC00F5E5FF /* ViewController.swift in Sources */ = {isa = PBXBuildFile; fileRef = 1446753F272155EC00F5E5FF /* ViewController.swift */; };
		14467543272155EC00F5E5FF /* Main.storyboard in Resources */ = {isa = PBXBuildFile; fileRef = 14467541272155EC00F5E5FF /* Main.storyboard */; };
		14467545272155EE00F5E5FF /* Assets.xcassets in Resources */ = {isa = PBXBuildFile; fileRef = 14467544272155EE00F5E5FF /* Assets.xcassets */; };
		14467548272155EE00F5E5FF /* LaunchScreen.storyboard in Resources */ = {isa = PBXBuildFile; fileRef = 14467546272155EE00F5E5FF /* LaunchScreen.storyboard */; };
		14B8A51E27215A0C0098F2D6 /* CAPTAIN AMERICA.wav in Resources */ = {isa = PBXBuildFile; fileRef = 14B8A51B27215A0C0098F2D6 /* CAPTAIN AMERICA.wav */; };
		14B8A51F27215A0C0098F2D6 /* THOR.wav in Resources */ = {isa = PBXBuildFile; fileRef = 14B8A51C27215A0C0098F2D6 /* THOR.wav */; };
		14B8A52027215A0C0098F2D6 /* IRON MAN.wav in Resources */ = {isa = PBXBuildFile; fileRef = 14B8A51D27215A0C0098F2D6 /* IRON MAN.wav */; };
/* End PBXBuildFile section */

/* Begin PBXFileReference section */
		14467538272155EC00F5E5FF /* theTrioAvengers.app */ = {isa = PBXFileReference; explicitFileType = wrapper.application; includeInIndex = 0; path = theTrioAvengers.app; sourceTree = BUILT_PRODUCTS_DIR; };
		1446753B272155EC00F5E5FF /* AppDelegate.swift */ = {isa = PBXFileReference; lastKnownFileType = sourcecode.swift; path = AppDelegate.swift; sourceTree = "<group>"; };
		1446753D272155EC00F5E5FF /* SceneDelegate.swift */ = {isa = PBXFileReference; lastKnownFileType = sourcecode.swift; path = SceneDelegate.swift; sourceTree = "<group>"; };
		1446753F272155EC00F5E5FF /* ViewController.swift */ = {isa = PBXFileReference; lastKnownFileType = sourcecode.swift; path = ViewController.swift; sourceTree = "<group>"; };
		14467542272155EC00F5E5FF /* Base */ = {isa = PBXFileReference; lastKnownFileType = file.storyboard; name = Base; path = Base.lproj/Main.storyboard; sourceTree = "<group>"; };
		14467544272155EE00F5E5FF /* Assets.xcassets */ = {isa = PBXFileReference; lastKnownFileType = folder.assetcatalog; path = Assets.xcassets; sourceTree = "<group>"; };
		14467547272155EE00F5E5FF /* Base */ = {isa = PBXFileReference; lastKnownFileType = file.storyboard; name = Base; path = Base.lproj/LaunchScreen.storyboard; sourceTree = "<group>"; };
		14467549272155EE00F5E5FF /* Info.plist */ = {isa = PBXFileReference; lastKnownFileType = text.plist.xml; path = Info.plist; sourceTree = "<group>"; };
		14B8A51B27215A0C0098F2D6 /* CAPTAIN AMERICA.wav */ = {isa = PBXFileReference; lastKnownFileType = audio.wav; path = "CAPTAIN AMERICA.wav"; sourceTree = "<group>"; };
		14B8A51C27215A0C0098F2D6 /* THOR.wav */ = {isa = PBXFileReference; lastKnownFileType = audio.wav; name = THOR.wav; path = ../../../../THOR.wav; sourceTree = "<group>"; };
		14B8A51D27215A0C0098F2D6 /* IRON MAN.wav */ = {isa = PBXFileReference; lastKnownFileType = audio.wav; path = "IRON MAN.wav"; sourceTree = "<group>"; };
/* End PBXFileReference section */

/* Begin PBXFrameworksBuildPhase section */
		14467535272155EC00F5E5FF /* Frameworks */ = {
			isa = PBXFrameworksBuildPhase;
			buildActionMask = 2147483647;
			files = (
			);
			runOnlyForDeploymentPostprocessing = 0;
		};
/* End PBXFrameworksBuildPhase section */

/* Begin PBXGroup section */
		1446752F272155EC00F5E5FF = {
			isa = PBXGroup;
			children = (
				1446753A272155EC00F5E5FF /* theTrioAvengers */,
				14467539272155EC00F5E5FF /* Products */,
			);
			sourceTree = "<group>";
		};
		14467539272155EC00F5E5FF /* Products */ = {
			isa = PBXGroup;
			children = (
				14467538272155EC00F5E5FF /* theTrioAvengers.app */,
			);
			name = Products;
			sourceTree = "<group>";
		};
		1446753A272155EC00F5E5FF /* theTrioAvengers */ = {
			isa = PBXGroup;
			children = (
				1446753B272155EC00F5E5FF /* AppDelegate.swift */,
				1446753D272155EC00F5E5FF /* SceneDelegate.swift */,
				1446753F272155EC00F5E5FF /* ViewController.swift */,
				14467541272155EC00F5E5FF /* Main.storyboard */,
				14467544272155EE00F5E5FF /* Assets.xcassets */,
				14467546272155EE00F5E5FF /* LaunchScreen.storyboard */,
				14467549272155EE00F5E5FF /* Info.plist */,
				14B8A51B27215A0C0098F2D6 /* CAPTAIN AMERICA.wav */,
				14B8A51D27215A0C0098F2D6 /* IRON MAN.wav */,
				14B8A51C27215A0C0098F2D6 /* THOR.wav */,
			);
			path = theTrioAvengers;
			sourceTree = "<group>";
		};
/* End PBXGroup section */

/* Begin PBXNativeTarget section */
		14467537272155EC00F5E5FF /* theTrioAvengers */ = {
			isa = PBXNativeTarget;
			buildConfigurationList = 1446754C272155EE00F5E5FF /* Build configuration list for PBXNativeTarget "theTrioAvengers" */;
			buildPhases = (
				14467534272155EC00F5E5FF /* Sources */,
				14467535272155EC00F5E5FF /* Frameworks */,
				14467536272155EC00F5E5FF /* Resources */,
			);
			buildRules = (
			);
			dependencies = (
			);
			name = theTrioAvengers;
			productName = theTrioAvengers;
			productReference = 14467538272155EC00F5E5FF /* theTrioAvengers.app */;
			productType = "com.apple.product-type.application";
		};
/* End PBXNativeTarget section */

/* Begin PBXProject section */
		14467530272155EC00F5E5FF /* Project object */ = {
			isa = PBXProject;
			attributes = {
				BuildIndependentTargetsInParallel = 1;
				LastSwiftUpdateCheck = 1300;
				LastUpgradeCheck = 1300;
				TargetAttributes = {
					14467537272155EC00F5E5FF = {
						CreatedOnToolsVersion = 13.0;
					};
				};
			};
			buildConfigurationList = 14467533272155EC00F5E5FF /* Build configuration list for PBXProject "theTrioAvengers" */;
			compatibilityVersion = "Xcode 13.0";
			developmentRegion = en;
			hasScannedForEncodings = 0;
			knownRegions = (
				en,
				Base,
			);
			mainGroup = 1446752F272155EC00F5E5FF;
			productRefGroup = 14467539272155EC00F5E5FF /* Products */;
			projectDirPath = "";
			projectRoot = "";
			targets = (
				14467537272155EC00F5E5FF /* theTrioAvengers */,
			);
		};
/* End PBXProject section */

/* Begin PBXResourcesBuildPhase section */
		14467536272155EC00F5E5FF /* Resources */ = {
			isa = PBXResourcesBuildPhase;
			buildActionMask = 2147483647;
			files = (
				14467548272155EE00F5E5FF /* LaunchScreen.storyboard in Resources */,
				14B8A51F27215A0C0098F2D6 /* THOR.wav in Resources */,
				14B8A51E27215A0C0098F2D6 /* CAPTAIN AMERICA.wav in Resources */,
				14467545272155EE00F5E5FF /* Assets.xcassets in Resources */,
				14B8A52027215A0C0098F2D6 /* IRON MAN.wav in Resources */,
				14467543272155EC00F5E5FF /* Main.storyboard in Resources */,
			);
			runOnlyForDeploymentPostprocessing = 0;
		};
/* End PBXResourcesBuildPhase section */

/* Begin PBXSourcesBuildPhase section */
		14467534272155EC00F5E5FF /* Sources */ = {
			isa = PBXSourcesBuildPhase;
			buildActionMask = 2147483647;
			files = (
				14467540272155EC00F5E5FF /* ViewController.swift in Sources */,
				1446753C272155EC00F5E5FF /* AppDelegate.swift in Sources */,
				1446753E272155EC00F5E5FF /* SceneDelegate.swift in Sources */,
			);
			runOnlyForDeploymentPostprocessing = 0;
		};
/* End PBXSourcesBuildPhase section */

/* Begin PBXVariantGroup section */
		14467541272155EC00F5E5FF /* Main.storyboard */ = {
			isa = PBXVariantGroup;
			children = (
				14467542272155EC00F5E5FF /* Base */,
			);
			name = Main.storyboard;
			sourceTree = "<group>";
		};
		14467546272155EE00F5E5FF /* LaunchScreen.storyboard */ = {
			isa = PBXVariantGroup;
			children = (
				14467547272155EE00F5E5FF /* Base */,
			);
			name = LaunchScreen.storyboard;
			sourceTree = "<group>";
		};
/* End PBXVariantGroup section */

/* Begin XCBuildConfiguration section */
		1446754A272155EE00F5E5FF /* Debug */ = {
			isa = XCBuildConfiguration;
			buildSettings = {
				ALWAYS_SEARCH_USER_PATHS = NO;
				CLANG_ANALYZER_NONNULL = YES;
				CLANG_ANALYZER_NUMBER_OBJECT_CONVERSION = YES_AGGRESSIVE;
				CLANG_CXX_LANGUAGE_STANDARD = "gnu++17";
				CLANG_CXX_LIBRARY = "libc++";
				CLANG_ENABLE_MODULES = YES;
				CLANG_ENABLE_OBJC_ARC = YES;
				CLANG_ENABLE_OBJC_WEAK = YES;
				CLANG_WARN_BLOCK_CAPTURE_AUTORELEASING = YES;
				CLANG_WARN_BOOL_CONVERSION = YES;
				CLANG_WARN_COMMA = YES;
				CLANG_WARN_CONSTANT_CONVERSION = YES;
				CLANG_WARN_DEPRECATED_OBJC_IMPLEMENTATIONS = YES;
				CLANG_WARN_DIRECT_OBJC_ISA_USAGE = YES_ERROR;
				CLANG_WARN_DOCUMENTATION_COMMENTS = YES;
				CLANG_WARN_EMPTY_BODY = YES;
				CLANG_WARN_ENUM_CONVERSION = YES;
				CLANG_WARN_INFINITE_RECURSION = YES;
				CLANG_WARN_INT_CONVERSION = YES;
				CLANG_WARN_NON_LITERAL_NULL_CONVERSION = YES;
				CLANG_WARN_OBJC_IMPLICIT_RETAIN_SELF = YES;
				CLANG_WARN_OBJC_LITERAL_CONVERSION = YES;
				CLANG_WARN_OBJC_ROOT_CLASS = YES_ERROR;
				CLANG_WARN_QUOTED_INCLUDE_IN_FRAMEWORK_HEADER = YES;
				CLANG_WARN_RANGE_LOOP_ANALYSIS = YES;
				CLANG_WARN_STRICT_PROTOTYPES = YES;
				CLANG_WARN_SUSPICIOUS_MOVE = YES;
				CLANG_WARN_UNGUARDED_AVAILABILITY = YES_AGGRESSIVE;
				CLANG_WARN_UNREACHABLE_CODE = YES;
				CLANG_WARN__DUPLICATE_METHOD_MATCH = YES;
				COPY_PHASE_STRIP = NO;
				DEBUG_INFORMATION_FORMAT = dwarf;
				ENABLE_STRICT_OBJC_MSGSEND = YES;
				ENABLE_TESTABILITY = YES;
				GCC_C_LANGUAGE_STANDARD = gnu11;
				GCC_DYNAMIC_NO_PIC = NO;
				GCC_NO_COMMON_BLOCKS = YES;
				GCC_OPTIMIZATION_LEVEL = 0;
				GCC_PREPROCESSOR_DEFINITIONS = (
					"DEBUG=1",
					"$(inherited)",
				);
				GCC_WARN_64_TO_32_BIT_CONVERSION = YES;
				GCC_WARN_ABOUT_RETURN_TYPE = YES_ERROR;
				GCC_WARN_UNDECLARED_SELECTOR = YES;
				GCC_WARN_UNINITIALIZED_AUTOS = YES_AGGRESSIVE;
				GCC_WARN_UNUSED_FUNCTION = YES;
				GCC_WARN_UNUSED_VARIABLE = YES;
				IPHONEOS_DEPLOYMENT_TARGET = 15.0;
				MTL_ENABLE_DEBUG_INFO = INCLUDE_SOURCE;
				MTL_FAST_MATH = YES;
				ONLY_ACTIVE_ARCH = YES;
				SDKROOT = iphoneos;
				SWIFT_ACTIVE_COMPILATION_CONDITIONS = DEBUG;
				SWIFT_OPTIMIZATION_LEVEL = "-Onone";
			};
			name = Debug;
		};
		1446754B272155EE00F5E5FF /* Release */ = {
			isa = XCBuildConfiguration;
			buildSettings = {
				ALWAYS_SEARCH_USER_PATHS = NO;
				CLANG_ANALYZER_NONNULL = YES;
				CLANG_ANALYZER_NUMBER_OBJECT_CONVERSION = YES_AGGRESSIVE;
				CLANG_CXX_LANGUAGE_STANDARD = "gnu++17";
				CLANG_CXX_LIBRARY = "libc++";
				CLANG_ENABLE_MODULES = YES;
				CLANG_ENABLE_OBJC_ARC = YES;
				CLANG_ENABLE_OBJC_WEAK = YES;
				CLANG_WARN_BLOCK_CAPTURE_AUTORELEASING = YES;
				CLANG_WARN_BOOL_CONVERSION = YES;
				CLANG_WARN_COMMA = YES;
				CLANG_WARN_CONSTANT_CONVERSION = YES;
				CLANG_WARN_DEPRECATED_OBJC_IMPLEMENTATIONS = YES;
				CLANG_WARN_DIRECT_OBJC_ISA_USAGE = YES_ERROR;
				CLANG_WARN_DOCUMENTATION_COMMENTS = YES;
				CLANG_WARN_EMPTY_BODY = YES;
				CLANG_WARN_ENUM_CONVERSION = YES;
				CLANG_WARN_INFINITE_RECURSION = YES;
				CLANG_WARN_INT_CONVERSION = YES;
				CLANG_WARN_NON_LITERAL_NULL_CONVERSION = YES;
				CLANG_WARN_OBJC_IMPLICIT_RETAIN_SELF = YES;
				CLANG_WARN_OBJC_LITERAL_CONVERSION = YES;
				CLANG_WARN_OBJC_ROOT_CLASS = YES_ERROR;
				CLANG_WARN_QUOTED_INCLUDE_IN_FRAMEWORK_HEADER = YES;
				CLANG_WARN_RANGE_LOOP_ANALYSIS = YES;
				CLANG_WARN_STRICT_PROTOTYPES = YES;
				CLANG_WARN_SUSPICIOUS_MOVE = YES;
				CLANG_WARN_UNGUARDED_AVAILABILITY = YES_AGGRESSIVE;
				CLANG_WARN_UNREACHABLE_CODE = YES;
				CLANG_WARN__DUPLICATE_METHOD_MATCH = YES;
				COPY_PHASE_STRIP = NO;
				DEBUG_INFORMATION_FORMAT = "dwarf-with-dsym";
				ENABLE_NS_ASSERTIONS = NO;
				ENABLE_STRICT_OBJC_MSGSEND = YES;
				GCC_C_LANGUAGE_STANDARD = gnu11;
				GCC_NO_COMMON_BLOCKS = YES;
				GCC_WARN_64_TO_32_BIT_CONVERSION = YES;
				GCC_WARN_ABOUT_RETURN_TYPE = YES_ERROR;
				GCC_WARN_UNDECLARED_SELECTOR = YES;
				GCC_WARN_UNINITIALIZED_AUTOS = YES_AGGRESSIVE;
				GCC_WARN_UNUSED_FUNCTION = YES;
				GCC_WARN_UNUSED_VARIABLE = YES;
				IPHONEOS_DEPLOYMENT_TARGET = 15.0;
				MTL_ENABLE_DEBUG_INFO = NO;
				MTL_FAST_MATH = YES;
				SDKROOT = iphoneos;
				SWIFT_COMPILATION_MODE = wholemodule;
				SWIFT_OPTIMIZATION_LEVEL = "-O";
				VALIDATE_PRODUCT = YES;
			};
			name = Release;
		};
		1446754D272155EE00F5E5FF /* Debug */ = {
			isa = XCBuildConfiguration;
			buildSettings = {
				ASSETCATALOG_COMPILER_APPICON_NAME = AppIcon;
				ASSETCATALOG_COMPILER_GLOBAL_ACCENT_COLOR_NAME = AccentColor;
				CODE_SIGN_STYLE = Automatic;
				CURRENT_PROJECT_VERSION = 1;
				DEVELOPMENT_TEAM = 39X532FCX5;
				GENERATE_INFOPLIST_FILE = YES;
				INFOPLIST_FILE = theTrioAvengers/Info.plist;
				INFOPLIST_KEY_UIApplicationSupportsIndirectInputEvents = YES;
				INFOPLIST_KEY_UILaunchStoryboardName = LaunchScreen;
				INFOPLIST_KEY_UIMainStoryboardFile = Main;
				INFOPLIST_KEY_UISupportedInterfaceOrientations_iPad = "UIInterfaceOrientationPortrait UIInterfaceOrientationPortraitUpsideDown UIInterfaceOrientationLandscapeLeft UIInterfaceOrientationLandscapeRight";
				INFOPLIST_KEY_UISupportedInterfaceOrientations_iPhone = "UIInterfaceOrientationPortrait UIInterfaceOrientationLandscapeLeft UIInterfaceOrientationLandscapeRight";
				LD_RUNPATH_SEARCH_PATHS = (
					"$(inherited)",
					"@executable_path/Frameworks",
				);
				MARKETING_VERSION = 1.0;
				PRODUCT_BUNDLE_IDENTIFIER = com.VedantProgramming.theTrioAvengers;
				PRODUCT_NAME = "$(TARGET_NAME)";
				SWIFT_EMIT_LOC_STRINGS = YES;
				SWIFT_VERSION = 5.0;
				TARGETED_DEVICE_FAMILY = "1,2";
			};
			name = Debug;
		};
		1446754E272155EE00F5E5FF /* Release */ = {
			isa = XCBuildConfiguration;
			buildSettings = {
				ASSETCATALOG_COMPILER_APPICON_NAME = AppIcon;
				ASSETCATALOG_COMPILER_GLOBAL_ACCENT_COLOR_NAME = AccentColor;
				CODE_SIGN_STYLE = Automatic;
				CURRENT_PROJECT_VERSION = 1;
				DEVELOPMENT_TEAM = 39X532FCX5;
				GENERATE_INFOPLIST_FILE = YES;
				INFOPLIST_FILE = theTrioAvengers/Info.plist;
				INFOPLIST_KEY_UIApplicationSupportsIndirectInputEvents = YES;
				INFOPLIST_KEY_UILaunchStoryboardName = LaunchScreen;
				INFOPLIST_KEY_UIMainStoryboardFile = Main;
				INFOPLIST_KEY_UISupportedInterfaceOrientations_iPad = "UIInterfaceOrientationPortrait UIInterfaceOrientationPortraitUpsideDown UIInterfaceOrientationLandscapeLeft UIInterfaceOrientationLandscapeRight";
				INFOPLIST_KEY_UISupportedInterfaceOrientations_iPhone = "UIInterfaceOrientationPortrait UIInterfaceOrientationLandscapeLeft UIInterfaceOrientationLandscapeRight";
				LD_RUNPATH_SEARCH_PATHS = (
					"$(inherited)",
					"@executable_path/Frameworks",
				);
				MARKETING_VERSION = 1.0;
				PRODUCT_BUNDLE_IDENTIFIER = com.VedantProgramming.theTrioAvengers;
				PRODUCT_NAME = "$(TARGET_NAME)";
				SWIFT_EMIT_LOC_STRINGS = YES;
				SWIFT_VERSION = 5.0;
				TARGETED_DEVICE_FAMILY = "1,2";
			};
			name = Release;
		};
/* End XCBuildConfiguration section */

/* Begin XCConfigurationList section */
		14467533272155EC00F5E5FF /* Build configuration list for PBXProject "theTrioAvengers" */ = {
			isa = XCConfigurationList;
			buildConfigurations = (
				1446754A272155EE00F5E5FF /* Debug */,
				1446754B272155EE00F5E5FF /* Release */,
			);
			defaultConfigurationIsVisible = 0;
			defaultConfigurationName = Release;
		};
		1446754C272155EE00F5E5FF /* Build configuration list for PBXNativeTarget "theTrioAvengers" */ = {
			isa = XCConfigurationList;
			buildConfigurations = (
				1446754D272155EE00F5E5FF /* Debug */,
				1446754E272155EE00F5E5FF /* Release */,
			);
			defaultConfigurationIsVisible = 0;
			defaultConfigurationName = Release;
		};
/* End XCConfigurationList section */
	};
	rootObject = 14467530272155EC00F5E5FF /* Project object */;
}
